
Microsoft Visual Studio Solution File, Format Version 12.00
# Visual Studio Version 17
VisualStudioVersion = 17.3.32922.545
MinimumVisualStudioVersion = 10.0.40219.1
Project("{FAE04EC0-301F-11D3-BF4B-00C04F79EFBC}") = "SecurityAPI.WEB", "SecurityAPI.WEB\SecurityAPI.WEB.csproj", "{F68FAF08-49DD-4E88-BD1A-D31E6CDC2B7E}"
EndProject
Project("{FAE04EC0-301F-11D3-BF4B-00C04F79EFBC}") = "SecurityAPI.Domain", "SecurityAPI.Domain\SecurityAPI.Domain.csproj", "{62A73B4D-AA11-4046-8829-73990A7394A8}"
EndProject
Project("{FAE04EC0-301F-11D3-BF4B-00C04F79EFBC}") = "SecurityAPI.DAL", "SecurityAPI.DAL\SecurityAPI.DAL.csproj", "{7CAAB344-D67F-4C91-9526-D9B4C9F6DBEC}"
EndProject
Project("{FAE04EC0-301F-11D3-BF4B-00C04F79EFBC}") = "SecurityAPI.BLL", "SecurityAPI.BLL\SecurityAPI.BLL.csproj", "{2BD4D933-932F-4125-A6E1-066DD66BA6C3}"
EndProject
Global
	GlobalSection(SolutionConfigurationPlatforms) = preSolution
		Debug|Any CPU = Debug|Any CPU
		Release|Any CPU = Release|Any CPU
	EndGlobalSection
	GlobalSection(ProjectConfigurationPlatforms) = postSolution
		{F68FAF08-49DD-4E88-BD1A-D31E6CDC2B7E}.Debug|Any CPU.ActiveCfg = Debug|Any CPU
		{F68FAF08-49DD-4E88-BD1A-D31E6CDC2B7E}.Debug|Any CPU.Build.0 = Debug|Any CPU
		{F68FAF08-49DD-4E88-BD1A-D31E6CDC2B7E}.Release|Any CPU.ActiveCfg = Release|Any CPU
		{F68FAF08-49DD-4E88-BD1A-D31E6CDC2B7E}.Release|Any CPU.Build.0 = Release|Any CPU
		{62A73B4D-AA11-4046-8829-73990A7394A8}.Debug|Any CPU.ActiveCfg = Debug|Any CPU
		{62A73B4D-AA11-4046-8829-73990A7394A8}.Debug|Any CPU.Build.0 = Debug|Any CPU
		{62A73B4D-AA11-4046-8829-73990A7394A8}.Release|Any CPU.ActiveCfg = Release|Any CPU
		{62A73B4D-AA11-4046-8829-73990A7394A8}.Release|Any CPU.Build.0 = Release|Any CPU
		{7CAAB344-D67F-4C91-9526-D9B4C9F6DBEC}.Debug|Any CPU.ActiveCfg = Debug|Any CPU
		{7CAAB344-D67F-4C91-9526-D9B4C9F6DBEC}.Debug|Any CPU.Build.0 = Debug|Any CPU
		{7CAAB344-D67F-4C91-9526-D9B4C9F6DBEC}.Release|Any CPU.ActiveCfg = Release|Any CPU
		{7CAAB344-D67F-4C91-9526-D9B4C9F6DBEC}.Release|Any CPU.Build.0 = Release|Any CPU
		{2BD4D933-932F-4125-A6E1-066DD66BA6C3}.Debug|Any CPU.ActiveCfg = Debug|Any CPU
		{2BD4D933-932F-4125-A6E1-066DD66BA6C3}.Debug|Any CPU.Build.0 = Debug|Any CPU
		{2BD4D933-932F-4125-A6E1-066DD66BA6C3}.Release|Any CPU.ActiveCfg = Release|Any CPU
		{2BD4D933-932F-4125-A6E1-066DD66BA6C3}.Release|Any CPU.Build.0 = Release|Any CPU
	EndGlobalSection
	GlobalSection(SolutionProperties) = preSolution
		HideSolutionNode = FALSE
	EndGlobalSection
	GlobalSection(ExtensibilityGlobals) = postSolution
		SolutionGuid = {33ED3B0C-DB35-4202-9D6B-1776CD7C2CDD}
	EndGlobalSection
EndGlobal
