
Microsoft Visual Studio Solution File, Format Version 12.00
Project("{2150E333-8FDC-42A3-9474-1A3956D46DE8}") = "src", "src", "{A041EACF-30DA-48CD-A550-D09C0D8E4F76}"
EndProject
Project("{2150E333-8FDC-42A3-9474-1A3956D46DE8}") = "Shared", "Shared", "{D3F0CF20-DB2F-47BC-80AC-734FC44D8ECC}"
EndProject
Project("{FAE04EC0-301F-11D3-BF4B-00C04F79EFBC}") = "Dashboard.Domain", "Dashboard.Domain\Dashboard.Domain.csproj", "{A3699BBF-5433-4912-BFC5-0D89A8F38A81}"
EndProject
Project("{FAE04EC0-301F-11D3-BF4B-00C04F79EFBC}") = "Dashboard.Application", "Dashboard.Application\Dashboard.Application.csproj", "{897967A9-9469-4A50-8A52-03921FE8392F}"
EndProject
Project("{FAE04EC0-301F-11D3-BF4B-00C04F79EFBC}") = "Dashboard.Infrastructure", "Dashboard.Infrastructure\Dashboard.Infrastructure.csproj", "{0120D3D0-EC07-4D8F-8490-D9E55D3DCB8C}"
EndProject
Project("{FAE04EC0-301F-11D3-BF4B-00C04F79EFBC}") = "Dashboard.Abstraction", "Dashboard.Abstraction\Dashboard.Abstraction.csproj", "{8D49291D-D19E-449D-9609-E61AC6BCABD1}"
EndProject
Project("{FAE04EC0-301F-11D3-BF4B-00C04F79EFBC}") = "Dashboard.Shared", "Dashboard.Shared\Dashboard.Shared.csproj", "{67FDB482-84A5-495A-B8E7-920F5AE3C922}"
EndProject
Project("{FAE04EC0-301F-11D3-BF4B-00C04F79EFBC}") = "Dashboard.Api", "Dashboard.Api\Dashboard.Api.csproj", "{16851E6A-5F30-4EEA-A75C-3953EE85AA55}"
EndProject
Global
	GlobalSection(SolutionConfigurationPlatforms) = preSolution
		Debug|Any CPU = Debug|Any CPU
		Release|Any CPU = Release|Any CPU
	EndGlobalSection
	GlobalSection(NestedProjects) = preSolution
		{D3F0CF20-DB2F-47BC-80AC-734FC44D8ECC} = {A041EACF-30DA-48CD-A550-D09C0D8E4F76}
		{A3699BBF-5433-4912-BFC5-0D89A8F38A81} = {A041EACF-30DA-48CD-A550-D09C0D8E4F76}
		{897967A9-9469-4A50-8A52-03921FE8392F} = {A041EACF-30DA-48CD-A550-D09C0D8E4F76}
		{0120D3D0-EC07-4D8F-8490-D9E55D3DCB8C} = {A041EACF-30DA-48CD-A550-D09C0D8E4F76}
		{8D49291D-D19E-449D-9609-E61AC6BCABD1} = {D3F0CF20-DB2F-47BC-80AC-734FC44D8ECC}
		{67FDB482-84A5-495A-B8E7-920F5AE3C922} = {D3F0CF20-DB2F-47BC-80AC-734FC44D8ECC}
		{16851E6A-5F30-4EEA-A75C-3953EE85AA55} = {A041EACF-30DA-48CD-A550-D09C0D8E4F76}
	EndGlobalSection
	GlobalSection(ProjectConfigurationPlatforms) = postSolution
		{A3699BBF-5433-4912-BFC5-0D89A8F38A81}.Debug|Any CPU.ActiveCfg = Debug|Any CPU
		{A3699BBF-5433-4912-BFC5-0D89A8F38A81}.Debug|Any CPU.Build.0 = Debug|Any CPU
		{A3699BBF-5433-4912-BFC5-0D89A8F38A81}.Release|Any CPU.ActiveCfg = Release|Any CPU
		{A3699BBF-5433-4912-BFC5-0D89A8F38A81}.Release|Any CPU.Build.0 = Release|Any CPU
		{897967A9-9469-4A50-8A52-03921FE8392F}.Debug|Any CPU.ActiveCfg = Debug|Any CPU
		{897967A9-9469-4A50-8A52-03921FE8392F}.Debug|Any CPU.Build.0 = Debug|Any CPU
		{897967A9-9469-4A50-8A52-03921FE8392F}.Release|Any CPU.ActiveCfg = Release|Any CPU
		{897967A9-9469-4A50-8A52-03921FE8392F}.Release|Any CPU.Build.0 = Release|Any CPU
		{0120D3D0-EC07-4D8F-8490-D9E55D3DCB8C}.Debug|Any CPU.ActiveCfg = Debug|Any CPU
		{0120D3D0-EC07-4D8F-8490-D9E55D3DCB8C}.Debug|Any CPU.Build.0 = Debug|Any CPU
		{0120D3D0-EC07-4D8F-8490-D9E55D3DCB8C}.Release|Any CPU.ActiveCfg = Release|Any CPU
		{0120D3D0-EC07-4D8F-8490-D9E55D3DCB8C}.Release|Any CPU.Build.0 = Release|Any CPU
		{8D49291D-D19E-449D-9609-E61AC6BCABD1}.Debug|Any CPU.ActiveCfg = Debug|Any CPU
		{8D49291D-D19E-449D-9609-E61AC6BCABD1}.Debug|Any CPU.Build.0 = Debug|Any CPU
		{8D49291D-D19E-449D-9609-E61AC6BCABD1}.Release|Any CPU.ActiveCfg = Release|Any CPU
		{8D49291D-D19E-449D-9609-E61AC6BCABD1}.Release|Any CPU.Build.0 = Release|Any CPU
		{67FDB482-84A5-495A-B8E7-920F5AE3C922}.Debug|Any CPU.ActiveCfg = Debug|Any CPU
		{67FDB482-84A5-495A-B8E7-920F5AE3C922}.Debug|Any CPU.Build.0 = Debug|Any CPU
		{67FDB482-84A5-495A-B8E7-920F5AE3C922}.Release|Any CPU.ActiveCfg = Release|Any CPU
		{67FDB482-84A5-495A-B8E7-920F5AE3C922}.Release|Any CPU.Build.0 = Release|Any CPU
		{16851E6A-5F30-4EEA-A75C-3953EE85AA55}.Debug|Any CPU.ActiveCfg = Debug|Any CPU
		{16851E6A-5F30-4EEA-A75C-3953EE85AA55}.Debug|Any CPU.Build.0 = Debug|Any CPU
		{16851E6A-5F30-4EEA-A75C-3953EE85AA55}.Release|Any CPU.ActiveCfg = Release|Any CPU
		{16851E6A-5F30-4EEA-A75C-3953EE85AA55}.Release|Any CPU.Build.0 = Release|Any CPU
	EndGlobalSection
EndGlobal
